
Microsoft Visual Studio Solution File, Format Version 12.00
# Visual Studio Version 17
VisualStudioVersion = 17.7.34221.43
MinimumVisualStudioVersion = 10.0.40219.1
Project("{FAE04EC0-301F-11D3-BF4B-00C04F79EFBC}") = "MintyLauncher3.0", "MintyLauncher3.0.csproj", "{6F8F1911-A72D-4A5E-A72D-C0E1CFDDC308}"
EndProject
Project("{FAE04EC0-301F-11D3-BF4B-00C04F79EFBC}") = "MintiLauncherInstaller2.0", "..\MintiLauncherInstaller2.0\MintiLauncherInstaller2.0.csproj", "{8DDE3BFD-22D1-4A24-9E74-95BFD4B7C5BA}"
EndProject
Global
	GlobalSection(SolutionConfigurationPlatforms) = preSolution
		Debug|Any CPU = Debug|Any CPU
		Release|Any CPU = Release|Any CPU
	EndGlobalSection
	GlobalSection(ProjectConfigurationPlatforms) = postSolution
		{6F8F1911-A72D-4A5E-A72D-C0E1CFDDC308}.Debug|Any CPU.ActiveCfg = Debug|Any CPU
		{6F8F1911-A72D-4A5E-A72D-C0E1CFDDC308}.Debug|Any CPU.Build.0 = Debug|Any CPU
		{6F8F1911-A72D-4A5E-A72D-C0E1CFDDC308}.Release|Any CPU.ActiveCfg = Release|Any CPU
		{6F8F1911-A72D-4A5E-A72D-C0E1CFDDC308}.Release|Any CPU.Build.0 = Release|Any CPU
		{8DDE3BFD-22D1-4A24-9E74-95BFD4B7C5BA}.Debug|Any CPU.ActiveCfg = Debug|Any CPU
		{8DDE3BFD-22D1-4A24-9E74-95BFD4B7C5BA}.Debug|Any CPU.Build.0 = Debug|Any CPU
		{8DDE3BFD-22D1-4A24-9E74-95BFD4B7C5BA}.Release|Any CPU.ActiveCfg = Release|Any CPU
		{8DDE3BFD-22D1-4A24-9E74-95BFD4B7C5BA}.Release|Any CPU.Build.0 = Release|Any CPU
	EndGlobalSection
	GlobalSection(SolutionProperties) = preSolution
		HideSolutionNode = FALSE
	EndGlobalSection
	GlobalSection(ExtensibilityGlobals) = postSolution
		SolutionGuid = {F44367E4-B5C4-49F4-B748-6B835CABD005}
	EndGlobalSection
EndGlobal
